
Microsoft Visual Studio Solution File, Format Version 12.00
# Visual Studio 15
VisualStudioVersion = 15.0.28010.2016
MinimumVisualStudioVersion = 10.0.40219.1
Project("{FAE04EC0-301F-11D3-BF4B-00C04F79EFBC}") = "SerializationApp", "SerializationApp\SerializationApp.csproj", "{0F8D8B7E-7725-48F9-BD81-5DBB9E3D3DEC}"
EndProject
Project("{FAE04EC0-301F-11D3-BF4B-00C04F79EFBC}") = "SerializationApp.Test", "SerializationApp.Test\SerializationApp.Test.csproj", "{CAA7D10A-1393-45FA-BB30-9C8AD8D4CE94}"
EndProject
Global
	GlobalSection(SolutionConfigurationPlatforms) = preSolution
		Debug|Any CPU = Debug|Any CPU
		Release|Any CPU = Release|Any CPU
	EndGlobalSection
	GlobalSection(ProjectConfigurationPlatforms) = postSolution
		{0F8D8B7E-7725-48F9-BD81-5DBB9E3D3DEC}.Debug|Any CPU.ActiveCfg = Debug|Any CPU
		{0F8D8B7E-7725-48F9-BD81-5DBB9E3D3DEC}.Debug|Any CPU.Build.0 = Debug|Any CPU
		{0F8D8B7E-7725-48F9-BD81-5DBB9E3D3DEC}.Release|Any CPU.ActiveCfg = Release|Any CPU
		{0F8D8B7E-7725-48F9-BD81-5DBB9E3D3DEC}.Release|Any CPU.Build.0 = Release|Any CPU
		{CAA7D10A-1393-45FA-BB30-9C8AD8D4CE94}.Debug|Any CPU.ActiveCfg = Debug|Any CPU
		{CAA7D10A-1393-45FA-BB30-9C8AD8D4CE94}.Debug|Any CPU.Build.0 = Debug|Any CPU
		{CAA7D10A-1393-45FA-BB30-9C8AD8D4CE94}.Release|Any CPU.ActiveCfg = Release|Any CPU
		{CAA7D10A-1393-45FA-BB30-9C8AD8D4CE94}.Release|Any CPU.Build.0 = Release|Any CPU
	EndGlobalSection
	GlobalSection(SolutionProperties) = preSolution
		HideSolutionNode = FALSE
	EndGlobalSection
	GlobalSection(ExtensibilityGlobals) = postSolution
		SolutionGuid = {39B8BDFC-399A-4F22-A877-AAA08AF04C2D}
	EndGlobalSection
EndGlobal
